
Microsoft Visual Studio Solution File, Format Version 12.00
# Visual Studio Version 16
VisualStudioVersion = 16.0.31321.278
MinimumVisualStudioVersion = 10.0.40219.1
Project("{FAE04EC0-301F-11D3-BF4B-00C04F79EFBC}") = "EsiniBulv2", "EsiniBulv2\EsiniBulv2.csproj", "{30CCBEEA-AC51-4603-B71D-9BD54E04A577}"
EndProject
Global
	GlobalSection(SolutionConfigurationPlatforms) = preSolution
		Debug|Any CPU = Debug|Any CPU
		Release|Any CPU = Release|Any CPU
	EndGlobalSection
	GlobalSection(ProjectConfigurationPlatforms) = postSolution
		{30CCBEEA-AC51-4603-B71D-9BD54E04A577}.Debug|Any CPU.ActiveCfg = Debug|Any CPU
		{30CCBEEA-AC51-4603-B71D-9BD54E04A577}.Debug|Any CPU.Build.0 = Debug|Any CPU
		{30CCBEEA-AC51-4603-B71D-9BD54E04A577}.Release|Any CPU.ActiveCfg = Release|Any CPU
		{30CCBEEA-AC51-4603-B71D-9BD54E04A577}.Release|Any CPU.Build.0 = Release|Any CPU
	EndGlobalSection
	GlobalSection(SolutionProperties) = preSolution
		HideSolutionNode = FALSE
	EndGlobalSection
	GlobalSection(ExtensibilityGlobals) = postSolution
		SolutionGuid = {7102A669-0ED5-42A6-A1EC-876BD31613FB}
	EndGlobalSection
EndGlobal
